
Microsoft Visual Studio Solution File, Format Version 12.00
# Visual Studio Version 17
VisualStudioVersion = 17.6.33723.286
MinimumVisualStudioVersion = 10.0.40219.1
Project("{FAE04EC0-301F-11D3-BF4B-00C04F79EFBC}") = "EasyAccounts", "EasyAccounts.csproj", "{0EE61E33-7FCE-4F59-9557-B24E1E4FD855}"
EndProject
Global
	GlobalSection(SolutionConfigurationPlatforms) = preSolution
		Debug|Any CPU = Debug|Any CPU
		Release|Any CPU = Release|Any CPU
	EndGlobalSection
	GlobalSection(ProjectConfigurationPlatforms) = postSolution
		{0EE61E33-7FCE-4F59-9557-B24E1E4FD855}.Debug|Any CPU.ActiveCfg = Debug|Any CPU
		{0EE61E33-7FCE-4F59-9557-B24E1E4FD855}.Debug|Any CPU.Build.0 = Debug|Any CPU
		{0EE61E33-7FCE-4F59-9557-B24E1E4FD855}.Release|Any CPU.ActiveCfg = Release|Any CPU
		{0EE61E33-7FCE-4F59-9557-B24E1E4FD855}.Release|Any CPU.Build.0 = Release|Any CPU
	EndGlobalSection
	GlobalSection(SolutionProperties) = preSolution
		HideSolutionNode = FALSE
	EndGlobalSection
	GlobalSection(ExtensibilityGlobals) = postSolution
		SolutionGuid = {6F39EFD8-919E-42DC-8E8D-6D47157D3DB0}
	EndGlobalSection
EndGlobal
